
Microsoft Visual Studio Solution File, Format Version 12.00
# Visual Studio Version 17
VisualStudioVersion = 17.6.33829.357
MinimumVisualStudioVersion = 10.0.40219.1
Project("{FAE04EC0-301F-11D3-BF4B-00C04F79EFBC}") = "CompositionExercise3", "CompositionExercise3.csproj", "{992541AD-3165-45B2-A3F4-0CC18D516C2E}"
EndProject
Global
	GlobalSection(SolutionConfigurationPlatforms) = preSolution
		Debug|Any CPU = Debug|Any CPU
		Release|Any CPU = Release|Any CPU
	EndGlobalSection
	GlobalSection(ProjectConfigurationPlatforms) = postSolution
		{992541AD-3165-45B2-A3F4-0CC18D516C2E}.Debug|Any CPU.ActiveCfg = Debug|Any CPU
		{992541AD-3165-45B2-A3F4-0CC18D516C2E}.Debug|Any CPU.Build.0 = Debug|Any CPU
		{992541AD-3165-45B2-A3F4-0CC18D516C2E}.Release|Any CPU.ActiveCfg = Release|Any CPU
		{992541AD-3165-45B2-A3F4-0CC18D516C2E}.Release|Any CPU.Build.0 = Release|Any CPU
	EndGlobalSection
	GlobalSection(SolutionProperties) = preSolution
		HideSolutionNode = FALSE
	EndGlobalSection
	GlobalSection(ExtensibilityGlobals) = postSolution
		SolutionGuid = {D35FBEF8-330F-4029-9A68-26DED6AF0083}
	EndGlobalSection
EndGlobal
